<?xml version="1.0" encoding="utf-8"?>
<Project ToolsVersion="4.0" xmlns="http://schemas.microsoft.com/developer/msbuild/2003">
  <ItemGroup>
    <ClCompile Include="Source\Application.cpp" />
    <ClCompile Include="Source\main.cpp" />
    <ClCompile Include="Source\SoundController\SoundInfo.cpp">
      <Filter>SoundController</Filter>
    </ClCompile>
    <ClCompile Include="Source\SoundController\SoundController.cpp">
      <Filter>SoundController</Filter>
    </ClCompile>
    <ClCompile Include="Source\GameStateManagement\GameOverState.cpp">
      <Filter>GameStateManagement</Filter>
    </ClCompile>
    <ClCompile Include="Source\GameStateManagement\CraftingState.cpp">
      <Filter>GameStateManagement</Filter>
    </ClCompile>
    <ClCompile Include="Source\GameStateManagement\GameStateManager.cpp">
      <Filter>GameStateManagement</Filter>
    </ClCompile>
    <ClCompile Include="Source\GameStateManagement\IntroState.cpp">
      <Filter>GameStateManagement</Filter>
    </ClCompile>
    <ClCompile Include="Source\GameStateManagement\InventoryState.cpp">
      <Filter>GameStateManagement</Filter>
    </ClCompile>
    <ClCompile Include="Source\GameStateManagement\MenuState.cpp">
      <Filter>GameStateManagement</Filter>
    </ClCompile>
    <ClCompile Include="Source\GameStateManagement\PauseState.cpp">
      <Filter>GameStateManagement</Filter>
    </ClCompile>
    <ClCompile Include="Source\GameStateManagement\PlayGameState.cpp">
      <Filter>GameStateManagement</Filter>
    </ClCompile>
    <ClCompile Include="Source\GameStateManagement\VictoryState.cpp">
      <Filter>GameStateManagement</Filter>
    </ClCompile>
    <ClCompile Include="Source\Scene2D\GUI_Scene2D.cpp">
      <Filter>Scene2D</Filter>
    </ClCompile>
    <ClCompile Include="Source\Scene2D\GameManager.cpp">
      <Filter>Scene2D</Filter>
    </ClCompile>
    <ClCompile Include="Source\Scene2D\Camera.cpp">
      <Filter>Scene2D</Filter>
    </ClCompile>
    <ClCompile Include="Source\Scene2D\BackgroundEntity.cpp">
      <Filter>Scene2D</Filter>
    </ClCompile>
    <ClCompile Include="Source\Scene2D\Map2D.cpp">
      <Filter>Scene2D</Filter>
    </ClCompile>
    <ClCompile Include="Source\Scene2D\Physics2D.cpp">
      <Filter>Scene2D</Filter>
    </ClCompile>
    <ClCompile Include="Source\Scene2D\Player2D.cpp">
      <Filter>Scene2D</Filter>
    </ClCompile>
    <ClCompile Include="Source\Scene2D\Recipe.cpp">
      <Filter>Scene2D</Filter>
    </ClCompile>
    <ClCompile Include="Source\Scene2D\RecipeBook.cpp">
      <Filter>Scene2D</Filter>
    </ClCompile>
    <ClCompile Include="Source\Scene2D\Scene2D.cpp">
      <Filter>Scene2D</Filter>
    </ClCompile>
    <ClCompile Include="Source\Scene2D\Octopus.cpp">
      <Filter>Enemies</Filter>
    </ClCompile>
    <ClCompile Include="Source\Scene2D\Chicken.cpp">
      <Filter>Enemies</Filter>
    </ClCompile>
    <ClCompile Include="Source\Scene2D\Enemy2D.cpp">
      <Filter>Enemies</Filter>
    </ClCompile>
    <ClCompile Include="Source\Scene2D\Spider.cpp">
      <Filter>Enemies</Filter>
    </ClCompile>
    <ClCompile Include="Source\Scene2D\InventoryItem.cpp">
      <Filter>Inventory</Filter>
    </ClCompile>
    <ClCompile Include="Source\Scene2D\InventoryManager.cpp">
      <Filter>Inventory</Filter>
    </ClCompile>
    <ClCompile Include="Source\Scene2D\Blade2D.cpp">
      <Filter>Inventory</Filter>
    </ClCompile>
    <ClCompile Include="Source\Scene2D\Hilt2D.cpp">
      <Filter>Inventory</Filter>
    </ClCompile>
    <ClCompile Include="Source\Scene2D\RustyBlade2D.cpp">
      <Filter>Inventory</Filter>
    </ClCompile>
    <ClCompile Include="Source\Scene2D\Shivs2D.cpp">
      <Filter>Inventory</Filter>
    </ClCompile>
    <ClCompile Include="Source\Scene2D\Sword2D.cpp">
      <Filter>Inventory</Filter>
    </ClCompile>
    <ClCompile Include="Source\Scene2D\WoodenHilt2D.cpp">
      <Filter>Inventory</Filter>
    </ClCompile>
    <ClCompile Include="Source\Scene2D\Projectile2D.cpp">
      <Filter>Inventory</Filter>
    </ClCompile>
    <ClCompile Include="Source\Scene2D\slot.cpp">
      <Filter>Inventory</Filter>
    </ClCompile>
    <ClCompile Include="Source\Scene2D\CleaverBlade2D.cpp">
      <Filter>Inventory</Filter>
    </ClCompile>
    <ClCompile Include="Source\Scene2D\Skeleton.cpp">
      <Filter>Enemies</Filter>
    </ClCompile>
    <ClCompile Include="Source\Scene2D\SkeletonShot.cpp">
      <Filter>Enemies</Filter>
    </ClCompile>
    <ClCompile Include="Source\Scene2D\DaggerBlade2D.cpp">
      <Filter>Inventory</Filter>
    </ClCompile>
    <ClCompile Include="Source\Scene2D\KatanaBlade2D.cpp">
      <Filter>Inventory</Filter>
    </ClCompile>
    <ClCompile Include="Source\Scene2D\PlatinumHilt2D.cpp">
      <Filter>Inventory</Filter>
    </ClCompile>
    <ClCompile Include="Source\Scene2D\IronHilt2D.cpp">
      <Filter>Inventory</Filter>
    </ClCompile>
    <ClCompile Include="Source\Scene2D\BobShot.cpp">
      <Filter>Enemies</Filter>
    </ClCompile>
    <ClCompile Include="Source\Scene2D\Bob.cpp">
      <Filter>Enemies</Filter>
    </ClCompile>
    <ClCompile Include="Source\Scene2D\Webshot.cpp">
      <Filter>Enemies</Filter>
    </ClCompile>
  </ItemGroup>
  <ItemGroup>
    <ClInclude Include="Source\Application.h" />
    <ClInclude Include="Source\SoundController\SoundInfo.h">
      <Filter>SoundController</Filter>
    </ClInclude>
    <ClInclude Include="Source\SoundController\SoundController.h">
      <Filter>SoundController</Filter>
    </ClInclude>
    <ClInclude Include="Source\GameStateManagement\GameOverState.h">
      <Filter>GameStateManagement</Filter>
    </ClInclude>
    <ClInclude Include="Source\GameStateManagement\GameStateManager.h">
      <Filter>GameStateManagement</Filter>
    </ClInclude>
    <ClInclude Include="Source\GameStateManagement\GameStateBase.h">
      <Filter>GameStateManagement</Filter>
    </ClInclude>
    <ClInclude Include="Source\GameStateManagement\CraftingState.h">
      <Filter>GameStateManagement</Filter>
    </ClInclude>
    <ClInclude Include="Source\GameStateManagement\IntroState.h">
      <Filter>GameStateManagement</Filter>
    </ClInclude>
    <ClInclude Include="Source\GameStateManagement\InventoryState.h">
      <Filter>GameStateManagement</Filter>
    </ClInclude>
    <ClInclude Include="Source\GameStateManagement\MenuState.h">
      <Filter>GameStateManagement</Filter>
    </ClInclude>
    <ClInclude Include="Source\GameStateManagement\PauseState.h">
      <Filter>GameStateManagement</Filter>
    </ClInclude>
    <ClInclude Include="Source\GameStateManagement\PlayGameState.h">
      <Filter>GameStateManagement</Filter>
    </ClInclude>
    <ClInclude Include="Source\GameStateManagement\VictoryState.h">
      <Filter>GameStateManagement</Filter>
    </ClInclude>
    <ClInclude Include="Source\Scene2D\GUI_Scene2D.h">
      <Filter>Header</Filter>
    </ClInclude>
    <ClInclude Include="Source\Scene2D\GameManager.h">
      <Filter>Header</Filter>
    </ClInclude>
    <ClInclude Include="Source\Scene2D\Camera.h">
      <Filter>Header</Filter>
    </ClInclude>
    <ClInclude Include="Source\Scene2D\BackgroundEntity.h">
      <Filter>Header</Filter>
    </ClInclude>
    <ClInclude Include="Source\Scene2D\Map2D.h">
      <Filter>Header</Filter>
    </ClInclude>
    <ClInclude Include="Source\Scene2D\Physics2D.h">
      <Filter>Header</Filter>
    </ClInclude>
    <ClInclude Include="Source\Scene2D\Player2D.h">
      <Filter>Header</Filter>
    </ClInclude>
    <ClInclude Include="Source\Scene2D\Recipe.h">
      <Filter>Header</Filter>
    </ClInclude>
    <ClInclude Include="Source\Scene2D\RecipeBook.h">
      <Filter>Header</Filter>
    </ClInclude>
    <ClInclude Include="Source\Scene2D\Scene2D.h">
      <Filter>Header</Filter>
    </ClInclude>
    <ClInclude Include="Source\Scene2D\EventController.h">
      <Filter>Header</Filter>
    </ClInclude>
    <ClInclude Include="Source\Scene2D\Chicken.h">
      <Filter>Enemies</Filter>
    </ClInclude>
    <ClInclude Include="Source\Scene2D\Enemy2D.h">
      <Filter>Enemies</Filter>
    </ClInclude>
    <ClInclude Include="Source\Scene2D\Octopus.h">
      <Filter>Enemies</Filter>
    </ClInclude>
    <ClInclude Include="Source\Scene2D\Spider.h">
      <Filter>Enemies</Filter>
    </ClInclude>
    <ClInclude Include="Source\Scene2D\Hilt2D.h">
      <Filter>Inventory</Filter>
    </ClInclude>
    <ClInclude Include="Source\Scene2D\Blade2D.h">
      <Filter>Inventory</Filter>
    </ClInclude>
    <ClInclude Include="Source\Scene2D\RustyBlade2D.h">
      <Filter>Inventory</Filter>
    </ClInclude>
    <ClInclude Include="Source\Scene2D\Shivs2D.h">
      <Filter>Inventory</Filter>
    </ClInclude>
    <ClInclude Include="Source\Scene2D\Sword2D.h">
      <Filter>Inventory</Filter>
    </ClInclude>
    <ClInclude Include="Source\Scene2D\WoodenHilt2D.h">
      <Filter>Inventory</Filter>
    </ClInclude>
    <ClInclude Include="Source\Scene2D\Projectile2D.h">
      <Filter>Inventory</Filter>
    </ClInclude>
    <ClInclude Include="Source\Scene2D\InventoryItem.h">
      <Filter>Inventory</Filter>
    </ClInclude>
    <ClInclude Include="Source\Scene2D\InventoryManager.h">
      <Filter>Inventory</Filter>
    </ClInclude>
    <ClInclude Include="Source\Scene2D\slot.h">
      <Filter>Inventory</Filter>
    </ClInclude>
    <ClInclude Include="Source\Scene2D\CleaverBlade2D.h">
      <Filter>Inventory</Filter>
    </ClInclude>
    <ClInclude Include="Source\Scene2D\Skeleton.h">
      <Filter>Enemies</Filter>
    </ClInclude>
    <ClInclude Include="Source\Scene2D\SkeletonShot.h">
      <Filter>Enemies</Filter>
    </ClInclude>
    <ClInclude Include="Source\Scene2D\MapGenerator.h" />
    <ClInclude Include="Source\Scene2D\DaggerBlade2D.h">
      <Filter>Inventory</Filter>
    </ClInclude>
    <ClInclude Include="Source\Scene2D\KatanaBlade2D.h">
      <Filter>Inventory</Filter>
    </ClInclude>
    <ClInclude Include="Source\Scene2D\PlatinumHilt2D.h">
      <Filter>Inventory</Filter>
    </ClInclude>
    <ClInclude Include="Source\Scene2D\IronHilt2D.h">
      <Filter>Inventory</Filter>
    </ClInclude>
    <ClInclude Include="Source\Scene2D\BobShot.h">
      <Filter>Enemies</Filter>
    </ClInclude>
    <ClInclude Include="Source\Scene2D\Bob.h">
      <Filter>Enemies</Filter>
    </ClInclude>
    <ClInclude Include="Source\Scene2D\Webshot.h">
      <Filter>Enemies</Filter>
    </ClInclude>
  </ItemGroup>
  <ItemGroup>
    <Filter Include="Header">
      <UniqueIdentifier>{046a837f-aabf-453f-be99-4e925c05b3a1}</UniqueIdentifier>
    </Filter>
    <Filter Include="GameStateManagement">
      <UniqueIdentifier>{2dafc416-705e-4ddc-9f47-a63b27ce0fc7}</UniqueIdentifier>
    </Filter>
    <Filter Include="SoundController">
      <UniqueIdentifier>{9e6184f8-e3b9-4182-8c96-c290916bed17}</UniqueIdentifier>
    </Filter>
    <Filter Include="Scene2D">
      <UniqueIdentifier>{a5653b9c-6a6e-4567-9a08-4c9ff65bb3c6}</UniqueIdentifier>
    </Filter>
    <Filter Include="Inventory">
      <UniqueIdentifier>{dc8e67d2-4ed1-4ab6-8d25-5d4df4269e24}</UniqueIdentifier>
    </Filter>
    <Filter Include="Enemies">
      <UniqueIdentifier>{94192ca1-b859-404d-b915-3365fcfbc788}</UniqueIdentifier>
    </Filter>
  </ItemGroup>
</Project>